%{
  "bunt": {:hex, :bunt, "0.2.0", "951c6e801e8b1d2cbe58ebbd3e616a869061ddadcc4863d0a2182541acae9a38", [:mix], [], "hexpm", "7af5c7e09fe1d40f76c8e4f9dd2be7cebd83909f31fee7cd0e9eadc567da8353"},
  "cowboy": {:hex, :cowboy, "2.9.0", "865dd8b6607e14cf03282e10e934023a1bd8be6f6bacf921a7e2a96d800cd452", [:make, :rebar3], [{:cowlib, "2.11.0", [hex: :cowlib, repo: "hexpm", optional: false]}, {:ranch, "1.8.0", [hex: :ranch, repo: "hexpm", optional: false]}], "hexpm", "2c729f934b4e1aa149aff882f57c6372c15399a20d54f65c8d67bef583021bde"},
  "cowlib": {:hex, :cowlib, "2.11.0", "0b9ff9c346629256c42ebe1eeb769a83c6cb771a6ee5960bd110ab0b9b872063", [:make, :rebar3], [], "hexpm", "2b3e9da0b21c4565751a6d4901c20d1b4cc25cbb7fd50d91d2ab6dd287bc86a9"},
  "credo": {:hex, :credo, "1.6.4", "ddd474afb6e8c240313f3a7b0d025cc3213f0d171879429bf8535d7021d9ad78", [:mix], [{:bunt, "~> 0.2.0", [hex: :bunt, repo: "hexpm", optional: false]}, {:file_system, "~> 0.2.8", [hex: :file_system, repo: "hexpm", optional: false]}, {:jason, "~> 1.0", [hex: :jason, repo: "hexpm", optional: false]}], "hexpm", "c28f910b61e1ff829bffa056ef7293a8db50e87f2c57a9b5c3f57eee124536b7"},
  "earmark": {:hex, :earmark, "1.4.22", "ea3e45c6359446dc308be0a64ce82a03260d973de7d0625a762e6d352ff57958", [:mix], [{:earmark_parser, "~> 1.4.23", [hex: :earmark_parser, repo: "hexpm", optional: false]}], "hexpm", "1caf5145665a42fd76d5317286b0c171861fb1c04f86ab103dde76868814fdfb"},
  "earmark_parser": {:hex, :earmark_parser, "1.4.23", "1d5f22a2802160fd454404fbf5e8f5d14cd8eb727c63701397b72d8c35267e69", [:mix], [], "hexpm", "2ec13bf14b2f4bbb4a15480970e295eede8bb01087fad6ceca27b724ab8e9d18"},
  "ex_doc": {:hex, :ex_doc, "0.18.4", "4406b8891cecf1352f49975c6d554e62e4341ceb41b9338949077b0d4a97b949", [:mix], [{:earmark, "~> 1.1", [hex: :earmark, repo: "hexpm", optional: false]}], "hexpm", "9dbe1ce1d711dc5362e3b3280e92989ad61413ce423bc4e9f76d5fcc51ab8d6b"},
  "file_system": {:hex, :file_system, "0.2.10", "fb082005a9cd1711c05b5248710f8826b02d7d1784e7c3451f9c1231d4fc162d", [:mix], [], "hexpm", "41195edbfb562a593726eda3b3e8b103a309b733ad25f3d642ba49696bf715dc"},
  "grpc": {:hex, :grpc, "0.5.7", "29a90097549173547edf69bdc452be919e9d3029105f01fad535ad9fe457232f", [:mix], [{:cowboy, "~> 2.7", [hex: :cowboy, repo: "hexpm", optional: false]}, {:gun, "~> 2.0-rc", [hex: :gun, repo: "hexpm", optional: false]}, {:protobuf, "~> 0.9", [hex: :protobuf, repo: "hexpm:coingaming", optional: false]}], "hexpm:coingaming", "1c6f460bf1c0c24faa891666c7d483c684c1a5892f5b59b805c31f135ae5fb3f"},
  "gun": {:hex, :gun, "2.0.0-rc.2", "7c489a32dedccb77b6e82d1f3c5a7dadfbfa004ec14e322cdb5e579c438632d2", [:make, :rebar3], [{:cowlib, "2.11.0", [hex: :cowlib, repo: "hexpm", optional: false]}], "hexpm", "6b9d1eae146410d727140dbf8b404b9631302ecc2066d1d12f22097ad7d254fc"},
  "jason": {:hex, :jason, "1.3.0", "fa6b82a934feb176263ad2df0dbd91bf633d4a46ebfdffea0c8ae82953714946", [:mix], [{:decimal, "~> 1.0 or ~> 2.0", [hex: :decimal, repo: "hexpm", optional: true]}], "hexpm", "53fc1f51255390e0ec7e50f9cb41e751c260d065dcba2bf0d08dc51a4002c2ac"},
  "protobuf": {:hex, :protobuf, "0.9.1", "6cde923fd9c24a58d2d95490af1e76c20bc5b282d5f5558f7b251d31704ca604", [:mix], [{:jason, "~> 1.2", [hex: :jason, repo: "hexpm", optional: true]}], "hexpm:coingaming", "d181d09a10375256f27faef8aeaab0a9bff9b4008fa1630196f130787783c95e"},
  "ranch": {:hex, :ranch, "1.8.0", "8c7a100a139fd57f17327b6413e4167ac559fbc04ca7448e9be9057311597a1d", [:make, :rebar3], [], "hexpm", "49fbcfd3682fab1f5d109351b61257676da1a2fdbe295904176d5e521a2ddfe5"},
}
